
Microsoft Visual Studio Solution File, Format Version 12.00
# Visual Studio Version 17
VisualStudioVersion = 17.13.35818.85
MinimumVisualStudioVersion = 10.0.40219.1
Project("{FAE04EC0-301F-11D3-BF4B-00C04F79EFBC}") = "Tubes-KPL-Kel6", "Tubes-KPL-Kel6.csproj", "{C121319C-47C0-4231-97BD-B3216F0B99AD}"
EndProject
Project("{FAE04EC0-301F-11D3-BF4B-00C04F79EFBC}") = "Tubes-API", "..\Tubes-API\Tubes-API.csproj", "{E57EC0C2-D338-4F6A-A085-4FF7F5C6208C}"
EndProject
Global
	GlobalSection(SolutionConfigurationPlatforms) = preSolution
		Debug|Any CPU = Debug|Any CPU
		Release|Any CPU = Release|Any CPU
	EndGlobalSection
	GlobalSection(ProjectConfigurationPlatforms) = postSolution
		{C121319C-47C0-4231-97BD-B3216F0B99AD}.Debug|Any CPU.ActiveCfg = Debug|Any CPU
		{C121319C-47C0-4231-97BD-B3216F0B99AD}.Debug|Any CPU.Build.0 = Debug|Any CPU
		{C121319C-47C0-4231-97BD-B3216F0B99AD}.Release|Any CPU.ActiveCfg = Release|Any CPU
		{C121319C-47C0-4231-97BD-B3216F0B99AD}.Release|Any CPU.Build.0 = Release|Any CPU
		{E57EC0C2-D338-4F6A-A085-4FF7F5C6208C}.Debug|Any CPU.ActiveCfg = Debug|Any CPU
		{E57EC0C2-D338-4F6A-A085-4FF7F5C6208C}.Debug|Any CPU.Build.0 = Debug|Any CPU
		{E57EC0C2-D338-4F6A-A085-4FF7F5C6208C}.Release|Any CPU.ActiveCfg = Release|Any CPU
		{E57EC0C2-D338-4F6A-A085-4FF7F5C6208C}.Release|Any CPU.Build.0 = Release|Any CPU
	EndGlobalSection
	GlobalSection(SolutionProperties) = preSolution
		HideSolutionNode = FALSE
	EndGlobalSection
	GlobalSection(ExtensibilityGlobals) = postSolution
		SolutionGuid = {37C28E93-B5C2-4DD0-A646-E7C955B293C9}
	EndGlobalSection
EndGlobal
